{
  "name": "kdmid-checker",
  "version": "1.0.0",
  "lockfileVersion": 1,
  "requires": true,
  "dependencies": {
    "@cantfindkernel/ddos-guard-bypass": {
      "version": "1.0.6",
      "resolved": "https://npm.yandex-team.ru/@cantfindkernel%2fddos-guard-bypass/-/ddos-guard-bypass-1.0.6.tgz?rbtorrent=c88ae689a24326435317d40b4cb3e00a77ff6451",
      "integrity": "sha512-/3fOFNFzrhXwLYLqBITRVbupZh4QdcMyaWZZkTYlokwYxvEClRTOemPHwYUmF6Wj6mTerGVXl+8a65d8c9K8RA==",
      "requires": {
        "axios": "^0.25.0",
        "cheerio": "^1.0.0-rc.10",
        "set-cookie-parser": "^2.4.8"
      }
    },
    "@playwright/test": {
      "version": "1.27.1",
      "resolved": "https://npm.yandex-team.ru/@playwright%2ftest/-/test-1.27.1.tgz?rbtorrent=839fd0d89dd142d1752d35fa10755cf6ec78781c",
      "integrity": "sha512-mrL2q0an/7tVqniQQF6RBL2saskjljXzqNcCOVMUjRIgE6Y38nCNaP+Dc2FBW06bcpD3tqIws/HT9qiMHbNU0A==",
      "dev": true,
      "requires": {
        "@types/node": "*",
        "playwright-core": "1.27.1"
      },
      "dependencies": {
        "playwright-core": {
          "version": "1.27.1",
          "resolved": "https://npm.yandex-team.ru/playwright-core/-/playwright-core-1.27.1.tgz?rbtorrent=8d89b015658157f23adf0f1b3dbeded8a91e3bda",
          "integrity": "sha512-9EmeXDncC2Pmp/z+teoVYlvmPWUC6ejSSYZUln7YaP89Z6lpAaiaAnqroUt/BoLo8tn7WYShcfaCh+xofZa44Q==",
          "dev": true
        }
      }
    },
    "@types/debug": {
      "version": "4.1.7",
      "resolved": "https://npm.yandex-team.ru/@types%2fdebug/-/debug-4.1.7.tgz?rbtorrent=7c3abcd36a2f914aa0816c48ac537140a173b308",
      "integrity": "sha512-9AonUzyTjXXhEOa0DnqpzZi6VHlqKMswga9EXjpXnnqxwLtdvPPtlO8evrI5D9S6asFRCQ6v+wpiUKbw+vKqyg==",
      "requires": {
        "@types/ms": "*"
      }
    },
    "@types/ms": {
      "version": "0.7.31",
      "resolved": "https://npm.yandex-team.ru/@types%2fms/-/ms-0.7.31.tgz?rbtorrent=8acf09ce64513410b8d7cd82024177fa0dd092cc",
      "integrity": "sha512-iiUgKzV9AuaEkZqkOLDIvlQiL6ltuZd9tGcW3gwpnX8JbuiuhFlEGmmFXEXkN50Cvq7Os88IY2v0dkDqXYWVgA=="
    },
    "@types/node": {
      "version": "18.11.9",
      "resolved": "https://npm.yandex-team.ru/@types%2fnode/-/node-18.11.9.tgz?rbtorrent=064d1a073b7161faa7981afbc27e7ac9cabb47ab",
      "integrity": "sha512-CRpX21/kGdzjOpFsZSkcrXMGIBWMGNIHXXBVFSH+ggkftxg+XYP20TESbh+zFvFj3EQOl5byk0HTRn1IL6hbqg==",
      "dev": true
    },
    "agent-base": {
      "version": "6.0.2",
      "resolved": "https://npm.yandex-team.ru/agent-base/-/agent-base-6.0.2.tgz?rbtorrent=70993ec56a8bafd128851eac4ee9e62bbddce1e2",
      "integrity": "sha512-RZNwNclF7+MS/8bDg70amg32dyeZGZxiDuQmZxKLAlQjr3jGyLx+4Kkk58UO7D2QdgFIQCovuSuZESne6RG6XQ==",
      "requires": {
        "debug": "4"
      }
    },
    "arr-union": {
      "version": "3.1.0",
      "resolved": "https://npm.yandex-team.ru/arr-union/-/arr-union-3.1.0.tgz?rbtorrent=10af2ff58a75c67821567c34dc04674ac587b19e",
      "integrity": "sha1-45sJrqne+Gao8gbiiK9jkZuuOcQ="
    },
    "axios": {
      "version": "0.25.0",
      "resolved": "https://npm.yandex-team.ru/axios/-/axios-0.25.0.tgz?rbtorrent=60532bcb8788e73a620160a5ebfe6bda763b0501",
      "integrity": "sha512-cD8FOb0tRH3uuEe6+evtAbgJtfxr7ly3fQjYcMcuPlgkwVS9xboaVIpcDV+cYQe+yGykgwZCs1pzjntcGa6l5g==",
      "requires": {
        "follow-redirects": "^1.14.7"
      }
    },
    "balanced-match": {
      "version": "1.0.2",
      "resolved": "https://npm.yandex-team.ru/balanced-match/-/balanced-match-1.0.2.tgz?rbtorrent=b5770b454c205809e4f85bb2e3b838b3c634d90b",
      "integrity": "sha512-3oSeUO0TMV67hN1AmbXsK4yaqU7tjiHlbxRDZOpH0KW9+CeX4bRAaX0Anxt0tx2MrpRpWwQaPwIlISEJhYU5Pw=="
    },
    "boolbase": {
      "version": "1.0.0",
      "resolved": "https://npm.yandex-team.ru/boolbase/-/boolbase-1.0.0.tgz?rbtorrent=78bd01bf8083623ac2add4f259ec70a9b5dde5e8",
      "integrity": "sha1-aN/1++YMUes3cl6p4+0xDcwed24="
    },
    "brace-expansion": {
      "version": "1.1.11",
      "resolved": "https://npm.yandex-team.ru/brace-expansion/-/brace-expansion-1.1.11.tgz?rbtorrent=a6f8ec4328e2858a0be33ed363e562a14b677c34",
      "integrity": "sha512-iCuPHDFgrHX7H2vEI/5xpz07zSHB00TpugqhmYtVmMO6518mCuRMoOYFldEBl0g187ufozdaHgWKcYFb61qGiA==",
      "requires": {
        "balanced-match": "^1.0.0",
        "concat-map": "0.0.1"
      }
    },
    "cheerio": {
      "version": "1.0.0-rc.12",
      "resolved": "https://npm.yandex-team.ru/cheerio/-/cheerio-1.0.0-rc.12.tgz?rbtorrent=862e418807af8be2dfa6568ae318a71728968499",
      "integrity": "sha512-VqR8m68vM46BNnuZ5NtnGBKIE/DfN0cRIzg9n40EIq9NOv90ayxLBXA8fXC5gquFRGJSTRqBq25Jt2ECLR431Q==",
      "requires": {
        "cheerio-select": "^2.1.0",
        "dom-serializer": "^2.0.0",
        "domhandler": "^5.0.3",
        "domutils": "^3.0.1",
        "htmlparser2": "^8.0.1",
        "parse5": "^7.0.0",
        "parse5-htmlparser2-tree-adapter": "^7.0.0"
      }
    },
    "cheerio-select": {
      "version": "2.1.0",
      "resolved": "https://npm.yandex-team.ru/cheerio-select/-/cheerio-select-2.1.0.tgz?rbtorrent=7c8f79a06ef46aae8d92669e62df92822e552c30",
      "integrity": "sha512-9v9kG0LvzrlcungtnJtpGNxY+fzECQKhK4EGJX2vByejiMX84MFNQw4UxPJl3bFbTMw+Dfs37XaIkCwTZfLh4g==",
      "requires": {
        "boolbase": "^1.0.0",
        "css-select": "^5.1.0",
        "css-what": "^6.1.0",
        "domelementtype": "^2.3.0",
        "domhandler": "^5.0.3",
        "domutils": "^3.0.1"
      }
    },
    "clone-deep": {
      "version": "0.2.4",
      "resolved": "https://npm.yandex-team.ru/clone-deep/-/clone-deep-0.2.4.tgz?rbtorrent=c44af63ab5e9a7c5e6f105e8cce062db46e10c21",
      "integrity": "sha1-TnPdCen7lxzDhnDF3O2cGJZIHMY=",
      "requires": {
        "for-own": "^0.1.3",
        "is-plain-object": "^2.0.1",
        "kind-of": "^3.0.2",
        "lazy-cache": "^1.0.3",
        "shallow-clone": "^0.1.2"
      }
    },
    "concat-map": {
      "version": "0.0.1",
      "resolved": "https://npm.yandex-team.ru/concat-map/-/concat-map-0.0.1.tgz?rbtorrent=d68e847684dabaf80403d1a017a6f3fe9f55e5f6",
      "integrity": "sha1-2Klr13/Wjfd5OnMDajug1UBdR3s="
    },
    "css-select": {
      "version": "5.1.0",
      "resolved": "https://npm.yandex-team.ru/css-select/-/css-select-5.1.0.tgz?rbtorrent=3710a16f74a89da09b38a209b20c71ab054790f6",
      "integrity": "sha512-nwoRF1rvRRnnCqqY7updORDsuqKzqYJ28+oSMaJMMgOauh3fvwHqMS7EZpIPqK8GL+g9mKxF1vP/ZjSeNjEVHg==",
      "requires": {
        "boolbase": "^1.0.0",
        "css-what": "^6.1.0",
        "domhandler": "^5.0.2",
        "domutils": "^3.0.1",
        "nth-check": "^2.0.1"
      }
    },
    "css-what": {
      "version": "6.1.0",
      "resolved": "https://npm.yandex-team.ru/css-what/-/css-what-6.1.0.tgz?rbtorrent=540277e3bfc3fa98c9b115db893e8ca5911ca2b2",
      "integrity": "sha512-HTUrgRJ7r4dsZKU6GjmpfRK1O76h97Z8MfS1G0FozR+oF2kG6Vfe8JE6zwrkbxigziPHinCJ+gCPjA9EaBDtRw=="
    },
    "ddos-guard-bypass": {
      "version": "1.0.7",
      "resolved": "https://npm.yandex-team.ru/ddos-guard-bypass/-/ddos-guard-bypass-1.0.7.tgz?rbtorrent=f9453813b3e0a739d76c44183604170b0f5c74ec",
      "integrity": "sha512-0buhouD9J9++3LU5pWIqRNSbIfEdoI+llXCLADufylxA+NN0gzyf9Q6pDtUEH5ZiZWRFc4r81Q9ktLqoYqhgeg==",
      "requires": {
        "axios": "^0.25.0",
        "cheerio": "^1.0.0-rc.10",
        "set-cookie-parser": "^2.4.8"
      }
    },
    "debug": {
      "version": "4.3.4",
      "resolved": "https://npm.yandex-team.ru/debug/-/debug-4.3.4.tgz?rbtorrent=f132914bb7359f9b0a7f85f6f8a73dd70702bd71",
      "integrity": "sha512-PRWFHuSU3eDtQJPvnNY7Jcket1j0t5OuOsFzPPzsekD52Zl8qUfFIPEiswXqIvHWGVHOgX+7G/vCNNhehwxfkQ==",
      "requires": {
        "ms": "2.1.2"
      }
    },
    "deepmerge": {
      "version": "4.2.2",
      "resolved": "https://npm.yandex-team.ru/deepmerge/-/deepmerge-4.2.2.tgz?rbtorrent=2c2a6e5192843cdf17e8dce123fe04b6bfa9fa18",
      "integrity": "sha512-FJ3UgI4gIl+PHZm53knsuSFpE+nESMr7M4v9QcgB7S63Kj/6WqMiFQJpBBYz1Pt+66bZpP3Q7Lye0Oo9MPKEdg=="
    },
    "dom-serializer": {
      "version": "2.0.0",
      "resolved": "https://npm.yandex-team.ru/dom-serializer/-/dom-serializer-2.0.0.tgz?rbtorrent=fae0915acfdc654f54bcb5bc5b1ffac8896cf488",
      "integrity": "sha512-wIkAryiqt/nV5EQKqQpo3SToSOV9J0DnbJqwK7Wv/Trc92zIAYZ4FlMu+JPFW1DfGFt81ZTCGgDEabffXeLyJg==",
      "requires": {
        "domelementtype": "^2.3.0",
        "domhandler": "^5.0.2",
        "entities": "^4.2.0"
      }
    },
    "domelementtype": {
      "version": "2.3.0",
      "resolved": "https://npm.yandex-team.ru/domelementtype/-/domelementtype-2.3.0.tgz?rbtorrent=ee0905029b165176b7f2de3195de5cace126ed79",
      "integrity": "sha512-OLETBj6w0OsagBwdXnPdN0cnMfF9opN69co+7ZrbfPGrdpPVNBUj02spi6B1N7wChLQiPn4CSH/zJvXw56gmHw=="
    },
    "domhandler": {
      "version": "5.0.3",
      "resolved": "https://npm.yandex-team.ru/domhandler/-/domhandler-5.0.3.tgz?rbtorrent=774f28bea70b9a5efaaf7559e97a304b8927880a",
      "integrity": "sha512-cgwlv/1iFQiFnU96XXgROh8xTeetsnJiDsTc7TYCLFd9+/WNkIqPTxiM/8pSd8VIrhXGTf1Ny1q1hquVqDJB5w==",
      "requires": {
        "domelementtype": "^2.3.0"
      }
    },
    "domutils": {
      "version": "3.0.1",
      "resolved": "https://npm.yandex-team.ru/domutils/-/domutils-3.0.1.tgz?rbtorrent=18afdb6c0220857c413b9bdb8af8230ea54bb020",
      "integrity": "sha512-z08c1l761iKhDFtfXO04C7kTdPBLi41zwOZl00WS8b5eiaebNpY00HKbztwBq+e3vyqWNwWF3mP9YLUeqIrF+Q==",
      "requires": {
        "dom-serializer": "^2.0.0",
        "domelementtype": "^2.3.0",
        "domhandler": "^5.0.1"
      }
    },
    "dotenv": {
      "version": "16.0.3",
      "resolved": "https://npm.yandex-team.ru/dotenv/-/dotenv-16.0.3.tgz?rbtorrent=750eff40301207df707d8a561b5376c64afb3c9c",
      "integrity": "sha512-7GO6HghkA5fYG9TYnNxi14/7K9f5occMlp3zXAuSxn7CKCxt9xbNWG7yF8hTCSUchlfWSe3uLmlPfigevRItzQ=="
    },
    "entities": {
      "version": "4.4.0",
      "resolved": "https://npm.yandex-team.ru/entities/-/entities-4.4.0.tgz?rbtorrent=bb7b37ecfba7df0de2dc29ce2fb86398d9af8c52",
      "integrity": "sha512-oYp7156SP8LkeGD0GF85ad1X9Ai79WtRsZ2gxJqtBuzH+98YUV6jkHEKlZkMbcrjJjIVJNIDP/3WL9wQkoPbWA=="
    },
    "follow-redirects": {
      "version": "1.15.2",
      "resolved": "https://npm.yandex-team.ru/follow-redirects/-/follow-redirects-1.15.2.tgz?rbtorrent=724d32331940f80a92718b80751b3fac28bad4ec",
      "integrity": "sha512-VQLG33o04KaQ8uYi2tVNbdrWp1QWxNNea+nmIB4EVM28v0hmP17z7aG1+wAkNzVq4KeXTq3221ye5qTJP91JwA=="
    },
    "for-in": {
      "version": "1.0.2",
      "resolved": "https://npm.yandex-team.ru/for-in/-/for-in-1.0.2.tgz?rbtorrent=0dddbe177b3fe1886ea1f85386e26f9393f7faef",
      "integrity": "sha1-gQaNKVqBQuwKxybG4iAMMPttXoA="
    },
    "for-own": {
      "version": "0.1.5",
      "resolved": "https://npm.yandex-team.ru/for-own/-/for-own-0.1.5.tgz?rbtorrent=d363846ba24f95a9670fc5347524d2d322ad688d",
      "integrity": "sha1-UmXGgaTylNq78XyVCbZ2OqhFEM4=",
      "requires": {
        "for-in": "^1.0.1"
      }
    },
    "fs-extra": {
      "version": "10.1.0",
      "resolved": "https://npm.yandex-team.ru/fs-extra/-/fs-extra-10.1.0.tgz?rbtorrent=5c8dfba10e2d0d46112c93c19bb9afc52205a51c",
      "integrity": "sha512-oRXApq54ETRj4eMiFzGnHWGy+zo5raudjuxN0b8H7s/RU2oW0Wvsx9O0ACRN/kRq9E8Vu/ReskGB5o3ji+FzHQ==",
      "requires": {
        "graceful-fs": "^4.2.0",
        "jsonfile": "^6.0.1",
        "universalify": "^2.0.0"
      }
    },
    "fs.realpath": {
      "version": "1.0.0",
      "resolved": "https://npm.yandex-team.ru/fs.realpath/-/fs.realpath-1.0.0.tgz?rbtorrent=ae37248c9abd56036ae23710b5b9d720d60fdc3a",
      "integrity": "sha1-FQStJSMVjKpA20onh8sBQRmU6k8="
    },
    "glob": {
      "version": "7.2.3",
      "resolved": "https://npm.yandex-team.ru/glob/-/glob-7.2.3.tgz?rbtorrent=f1e3c1229b0ce68ff2e1c79bdb0c4be8b1bcd5e6",
      "integrity": "sha512-nFR0zLpU2YCaRxwoCJvL6UvCH2JFyFVIvwTLsIf21AuHlMskA1hhTdk+LlYJtOlYt9v6dvszD2BGRqBL+iQK9Q==",
      "requires": {
        "fs.realpath": "^1.0.0",
        "inflight": "^1.0.4",
        "inherits": "2",
        "minimatch": "^3.1.1",
        "once": "^1.3.0",
        "path-is-absolute": "^1.0.0"
      }
    },
    "graceful-fs": {
      "version": "4.2.10",
      "resolved": "https://npm.yandex-team.ru/graceful-fs/-/graceful-fs-4.2.10.tgz?rbtorrent=e69bf1f8f0a4827517cbe965e428885eb52b29ef",
      "integrity": "sha512-9ByhssR2fPVsNZj478qUUbKfmL0+t5BDVyjShtyZZLiK7ZDAArFFfopyOTj0M05wE2tJPisA4iTnnXl2YoPvOA=="
    },
    "htmlparser2": {
      "version": "8.0.1",
      "resolved": "https://npm.yandex-team.ru/htmlparser2/-/htmlparser2-8.0.1.tgz?rbtorrent=8473cc19700ca00d2a91a97eb679fcf3d4e0ca61",
      "integrity": "sha512-4lVbmc1diZC7GUJQtRQ5yBAeUCL1exyMwmForWkRLnwyzWBFxN633SALPMGYaWZvKe9j1pRZJpauvmxENSp/EA==",
      "requires": {
        "domelementtype": "^2.3.0",
        "domhandler": "^5.0.2",
        "domutils": "^3.0.1",
        "entities": "^4.3.0"
      }
    },
    "https-proxy-agent": {
      "version": "5.0.1",
      "resolved": "https://npm.yandex-team.ru/https-proxy-agent/-/https-proxy-agent-5.0.1.tgz?rbtorrent=f3ea1bcad234e95362cce4a8dd7244d9d29074e6",
      "integrity": "sha512-dFcAjpTQFgoLMzC2VwU+C/CbS7uRL0lWmxDITmqm7C+7F0Odmj6s9l6alZc6AELXhrnggM2CeWSXHGOdX2YtwA==",
      "requires": {
        "agent-base": "6",
        "debug": "4"
      }
    },
    "inflight": {
      "version": "1.0.6",
      "resolved": "https://npm.yandex-team.ru/inflight/-/inflight-1.0.6.tgz?rbtorrent=5fc387705f71d49a3d36c9e8cf63c62f5efe7396",
      "integrity": "sha1-Sb1jMdfQLQwJvJEKEHW6gWW1bfk=",
      "requires": {
        "once": "^1.3.0",
        "wrappy": "1"
      }
    },
    "inherits": {
      "version": "2.0.4",
      "resolved": "https://npm.yandex-team.ru/inherits/-/inherits-2.0.4.tgz?rbtorrent=6d3c5e553faab1c5a0e5657d5f75d80d275fddbe",
      "integrity": "sha512-k/vGaX4/Yla3WzyMCvTQOXYeIHvqOKtnqBduzTHpzpQZzAskKMhZ2K+EnBiSM9zGSoIFeMpXKxa4dYeZIQqewQ=="
    },
    "is-buffer": {
      "version": "1.1.6",
      "resolved": "https://npm.yandex-team.ru/is-buffer/-/is-buffer-1.1.6.tgz?rbtorrent=65d2089ebcd3cc812e23dd48e431311d046861fa",
      "integrity": "sha512-NcdALwpXkTm5Zvvbk7owOUSvVvBKDgKP5/ewfXEznmQFfs4ZRmanOeKBTjRVjka3QFoN6XJ+9F3USqfHqTaU5w=="
    },
    "is-extendable": {
      "version": "0.1.1",
      "resolved": "https://npm.yandex-team.ru/is-extendable/-/is-extendable-0.1.1.tgz?rbtorrent=66d7d5dca717da1f0131bd8475bcb3b73cd099e3",
      "integrity": "sha1-YrEQ4omkcUGOPsNqYX1HLjAd/Ik="
    },
    "is-plain-object": {
      "version": "2.0.4",
      "resolved": "https://npm.yandex-team.ru/is-plain-object/-/is-plain-object-2.0.4.tgz?rbtorrent=16a6654fa32b345ac6e8af54603c1b307e43f705",
      "integrity": "sha512-h5PpgXkWitc38BBMYawTYMWJHFZJVnBquFE57xFpjB8pJFiF6gZ+bU+WyI/yqXiFR5mdLsgYNaPe8uao6Uv9Og==",
      "requires": {
        "isobject": "^3.0.1"
      }
    },
    "isobject": {
      "version": "3.0.1",
      "resolved": "https://npm.yandex-team.ru/isobject/-/isobject-3.0.1.tgz?rbtorrent=3c80c125016677762eeca0f18fb954f66a7ccfe1",
      "integrity": "sha1-TkMekrEalzFjaqH5yNHMvP2reN8="
    },
    "jsonfile": {
      "version": "6.1.0",
      "resolved": "https://npm.yandex-team.ru/jsonfile/-/jsonfile-6.1.0.tgz?rbtorrent=422cd8804434cf4e1484ab1a91fb04e6f95c7940",
      "integrity": "sha512-5dgndWOriYSm5cnYaJNhalLNDKOqFwyDB/rr1E9ZsGciGvKPs8R2xYGCacuf3z6K1YKDz182fd+fY3cn3pMqXQ==",
      "requires": {
        "graceful-fs": "^4.1.6",
        "universalify": "^2.0.0"
      }
    },
    "kind-of": {
      "version": "3.2.2",
      "resolved": "https://npm.yandex-team.ru/kind-of/-/kind-of-3.2.2.tgz?rbtorrent=7c9168605f7ce28ecc73a8bd71752097eac5181f",
      "integrity": "sha1-MeohpzS6ubuw8yRm2JOupR5KPGQ=",
      "requires": {
        "is-buffer": "^1.1.5"
      }
    },
    "lazy-cache": {
      "version": "1.0.4",
      "resolved": "https://npm.yandex-team.ru/lazy-cache/-/lazy-cache-1.0.4.tgz?rbtorrent=517483a973d73212c7bb1cfb6a646044e9e536f4",
      "integrity": "sha1-odePw6UEdMuAhF07O24dpJpEbo4="
    },
    "merge-deep": {
      "version": "3.0.3",
      "resolved": "https://npm.yandex-team.ru/merge-deep/-/merge-deep-3.0.3.tgz?rbtorrent=764ca6ea63e46dff9befd592846691ec9c95efc2",
      "integrity": "sha512-qtmzAS6t6grwEkNrunqTBdn0qKwFgNWvlxUbAV8es9M7Ot1EbyApytCnvE0jALPa46ZpKDUo527kKiaWplmlFA==",
      "requires": {
        "arr-union": "^3.1.0",
        "clone-deep": "^0.2.4",
        "kind-of": "^3.0.2"
      }
    },
    "minimatch": {
      "version": "3.1.2",
      "resolved": "https://npm.yandex-team.ru/minimatch/-/minimatch-3.1.2.tgz?rbtorrent=ff75648d716a472d61b2fafcf5250b152d4b84b4",
      "integrity": "sha512-J7p63hRiAjw1NDEww1W7i37+ByIrOWO5XQQAzZ3VOcL0PNybwpfmV/N05zFAzwQ9USyEcX6t3UO+K5aqBQOIHw==",
      "requires": {
        "brace-expansion": "^1.1.7"
      }
    },
    "mixin-object": {
      "version": "2.0.1",
      "resolved": "https://npm.yandex-team.ru/mixin-object/-/mixin-object-2.0.1.tgz?rbtorrent=ae49e502a5d100382f9fa657b00ba4004d6eca9e",
      "integrity": "sha1-T7lJRB2rGCVA8f4DW6YOGUel5X4=",
      "requires": {
        "for-in": "^0.1.3",
        "is-extendable": "^0.1.1"
      },
      "dependencies": {
        "for-in": {
          "version": "0.1.8",
          "resolved": "https://npm.yandex-team.ru/for-in/-/for-in-0.1.8.tgz?rbtorrent=c97367fd24276ca753b0c4b457a1e18a3623dbac",
          "integrity": "sha1-2Hc5COMSVhCZUrH9ubP6hn0ndeE="
        }
      }
    },
    "ms": {
      "version": "2.1.2",
      "resolved": "https://npm.yandex-team.ru/ms/-/ms-2.1.2.tgz?rbtorrent=269d2b1e4b633a2572e485adbd93b4085872ffe0",
      "integrity": "sha512-sGkPx+VjMtmA6MX27oA4FBFELFCZZ4S4XqeGOXCv68tT+jb3vk/RyaKWP0PTKyWtmLSM0b+adUTEvbs1PEaH2w=="
    },
    "node-fetch": {
      "version": "2.6.7",
      "resolved": "https://npm.yandex-team.ru/node-fetch/-/node-fetch-2.6.7.tgz?rbtorrent=8f3212fa0a5ca10716a1260a226ddaf13d2a16dc",
      "integrity": "sha512-ZjMPFEfVx5j+y2yF35Kzx5sF7kDzxuDj6ziH4FFbOp87zKDZNx8yExJIb05OGF4Nlt9IHFIMBkRl41VdvcNdbQ==",
      "requires": {
        "whatwg-url": "^5.0.0"
      }
    },
    "nth-check": {
      "version": "2.1.1",
      "resolved": "https://npm.yandex-team.ru/nth-check/-/nth-check-2.1.1.tgz?rbtorrent=a5f92968bc233eeeddd1b495e0aace45ebb307aa",
      "integrity": "sha512-lqjrjmaOoAnWfMmBPL+XNnynZh2+swxiX3WUE0s4yEHI6m+AwrK2UZOimIRl3X/4QctVqS8AiZjFqyOGrMXb/w==",
      "requires": {
        "boolbase": "^1.0.0"
      }
    },
    "once": {
      "version": "1.4.0",
      "resolved": "https://npm.yandex-team.ru/once/-/once-1.4.0.tgz?rbtorrent=631c10ccf90e53addc6a29d4cca37226f2b67537",
      "integrity": "sha1-WDsap3WWHUsROsF9nFC6753Xa9E=",
      "requires": {
        "wrappy": "1"
      }
    },
    "parse5": {
      "version": "7.1.1",
      "resolved": "https://npm.yandex-team.ru/parse5/-/parse5-7.1.1.tgz?rbtorrent=2fe21d45fca083436e4bf6cb8a7518b7900c6123",
      "integrity": "sha512-kwpuwzB+px5WUg9pyK0IcK/shltJN5/OVhQagxhCQNtT9Y9QRZqNY2e1cmbu/paRh5LMnz/oVTVLBpjFmMZhSg==",
      "requires": {
        "entities": "^4.4.0"
      }
    },
    "parse5-htmlparser2-tree-adapter": {
      "version": "7.0.0",
      "resolved": "https://npm.yandex-team.ru/parse5-htmlparser2-tree-adapter/-/parse5-htmlparser2-tree-adapter-7.0.0.tgz?rbtorrent=dfa39403f388439f2ff3930b04858a1c5837ff85",
      "integrity": "sha512-B77tOZrqqfUfnVcOrUvfdLbz4pu4RopLD/4vmu3HUPswwTA8OH0EMW9BlWR2B0RCoiZRAHEUu7IxeP1Pd1UU+g==",
      "requires": {
        "domhandler": "^5.0.2",
        "parse5": "^7.0.0"
      }
    },
    "path-is-absolute": {
      "version": "1.0.1",
      "resolved": "https://npm.yandex-team.ru/path-is-absolute/-/path-is-absolute-1.0.1.tgz?rbtorrent=1a3152a41be6d5d7ee4d03430b58251761675a06",
      "integrity": "sha1-F0uSaHNVNP+8es5r9TpanhtcX18="
    },
    "playwright": {
      "version": "1.27.1",
      "resolved": "https://npm.yandex-team.ru/playwright/-/playwright-1.27.1.tgz?rbtorrent=6a662b74395ac15aff46fc891f0b32746cfaac3c",
      "integrity": "sha512-xXYZ7m36yTtC+oFgqH0eTgullGztKSRMb4yuwLPl8IYSmgBM88QiB+3IWb1mRIC9/NNwcgbG0RwtFlg+EAFQHQ==",
      "requires": {
        "playwright-core": "1.27.1"
      },
      "dependencies": {
        "playwright-core": {
          "version": "1.27.1",
          "resolved": "https://npm.yandex-team.ru/playwright-core/-/playwright-core-1.27.1.tgz?rbtorrent=8d89b015658157f23adf0f1b3dbeded8a91e3bda",
          "integrity": "sha512-9EmeXDncC2Pmp/z+teoVYlvmPWUC6ejSSYZUln7YaP89Z6lpAaiaAnqroUt/BoLo8tn7WYShcfaCh+xofZa44Q=="
        }
      }
    },
    "playwright-extra": {
      "version": "4.3.5",
      "resolved": "https://npm.yandex-team.ru/playwright-extra/-/playwright-extra-4.3.5.tgz?rbtorrent=5cf915bbc36b3b6fe4fae5e51e54ca68ea3b5396",
      "integrity": "sha512-YPYsoJFK46h2FqNpD8//ucutSf3c84C0KVYX19gUr0rErajrWZcnfoNfm/okzc8z6/EfTWS3xWb76jDbYI8Qew==",
      "requires": {
        "debug": "^4.3.4"
      }
    },
    "puppeteer-extra-plugin": {
      "version": "3.2.2",
      "resolved": "https://npm.yandex-team.ru/puppeteer-extra-plugin/-/puppeteer-extra-plugin-3.2.2.tgz?rbtorrent=4f98c07fa802e4843f916c698a11d415b9a1f124",
      "integrity": "sha512-0uatQxzuVn8yegbrEwSk03wvwpMB5jNs7uTTnermylLZzoT+1rmAQaJXwlS3+vADUbw6ELNgNEHC7Skm0RqHbQ==",
      "requires": {
        "@types/debug": "^4.1.0",
        "debug": "^4.1.1",
        "merge-deep": "^3.0.1"
      }
    },
    "puppeteer-extra-plugin-recaptcha": {
      "version": "3.6.6",
      "resolved": "https://npm.yandex-team.ru/puppeteer-extra-plugin-recaptcha/-/puppeteer-extra-plugin-recaptcha-3.6.6.tgz?rbtorrent=b550b85ae088ae3ce8e1a438017524f4e1c5e99d",
      "integrity": "sha512-SVbmL+igGX8m0Qg9dn85trWDghbfUCTG/QUHYscYx5XgMZVVb0/v0a6MqbPdHoKmBx5BS2kLd6rorMlncMcXdw==",
      "requires": {
        "debug": "^4.1.1",
        "merge-deep": "^3.0.2",
        "puppeteer-extra-plugin": "^3.2.2"
      }
    },
    "puppeteer-extra-plugin-stealth": {
      "version": "2.11.1",
      "resolved": "https://npm.yandex-team.ru/puppeteer-extra-plugin-stealth/-/puppeteer-extra-plugin-stealth-2.11.1.tgz?rbtorrent=e230dbd48f0371f05d19b4f597186b2cff7f7bdd",
      "integrity": "sha512-n0wdC0Ilc9tk5L6FWLyd0P2gT8b2fp+2NuB+KB0oTSw3wXaZ0D6WNakjJsayJ4waGzIJFCUHkmK9zgx5NKMoFw==",
      "requires": {
        "debug": "^4.1.1",
        "puppeteer-extra-plugin": "^3.2.2",
        "puppeteer-extra-plugin-user-preferences": "^2.4.0"
      }
    },
    "puppeteer-extra-plugin-user-data-dir": {
      "version": "2.4.0",
      "resolved": "https://npm.yandex-team.ru/puppeteer-extra-plugin-user-data-dir/-/puppeteer-extra-plugin-user-data-dir-2.4.0.tgz?rbtorrent=443bfa08149cb8486980d78e9de59003ed842281",
      "integrity": "sha512-qrhYPTGIqzL2hpeJ5DXjf8xMy5rt1UvcqSgpGTTOUOjIMz1ROWnKHjBoE9fNBJ4+ToRZbP8MzIDXWlEk/e1zJA==",
      "requires": {
        "debug": "^4.1.1",
        "fs-extra": "^10.0.0",
        "puppeteer-extra-plugin": "^3.2.2",
        "rimraf": "^3.0.2"
      }
    },
    "puppeteer-extra-plugin-user-preferences": {
      "version": "2.4.0",
      "resolved": "https://npm.yandex-team.ru/puppeteer-extra-plugin-user-preferences/-/puppeteer-extra-plugin-user-preferences-2.4.0.tgz?rbtorrent=42d2acde492e2a545fc7939dcfc9dffa6ff976f1",
      "integrity": "sha512-4XxMhMkJ+qqLsPY9ULF90qS9Bj1Qrwwgp1TY9zTdp1dJuy7QSgYE7xlyamq3cKrRuzg3QUOqygJo52sVeXSg5A==",
      "requires": {
        "debug": "^4.1.1",
        "deepmerge": "^4.2.2",
        "puppeteer-extra-plugin": "^3.2.2",
        "puppeteer-extra-plugin-user-data-dir": "^2.4.0"
      }
    },
    "rimraf": {
      "version": "3.0.2",
      "resolved": "https://npm.yandex-team.ru/rimraf/-/rimraf-3.0.2.tgz?rbtorrent=e56d76da53e035fd23b4819f6bdcbe4abc4e2961",
      "integrity": "sha512-JZkJMZkAGFFPP2YqXZXPbMlMBgsxzE8ILs4lMIX/2o0L9UBw9O/Y3o6wFw/i9YLapcUJWwqbi3kdxIPdC62TIA==",
      "requires": {
        "glob": "^7.1.3"
      }
    },
    "set-cookie-parser": {
      "version": "2.5.1",
      "resolved": "https://npm.yandex-team.ru/set-cookie-parser/-/set-cookie-parser-2.5.1.tgz?rbtorrent=b4c8176af3c305892ac2dcce0479543089750b39",
      "integrity": "sha512-1jeBGaKNGdEq4FgIrORu/N570dwoPYio8lSoYLWmX7sQ//0JY08Xh9o5pBcgmHQ/MbsYp/aZnOe1s1lIsbLprQ=="
    },
    "shallow-clone": {
      "version": "0.1.2",
      "resolved": "https://npm.yandex-team.ru/shallow-clone/-/shallow-clone-0.1.2.tgz?rbtorrent=dd3be0dc4d66a48af0a10c3eab6cc2bdac9638d1",
      "integrity": "sha1-WQnodLp3EG1zrEFM/sH/yofZcGA=",
      "requires": {
        "is-extendable": "^0.1.1",
        "kind-of": "^2.0.1",
        "lazy-cache": "^0.2.3",
        "mixin-object": "^2.0.1"
      },
      "dependencies": {
        "kind-of": {
          "version": "2.0.1",
          "resolved": "https://npm.yandex-team.ru/kind-of/-/kind-of-2.0.1.tgz?rbtorrent=a6c634de4844eac11dfcfc5bc8e9aaea21716a4a",
          "integrity": "sha1-AY7HpM5+OobLkUG+UZ0kyPqpgbU=",
          "requires": {
            "is-buffer": "^1.0.2"
          }
        },
        "lazy-cache": {
          "version": "0.2.7",
          "resolved": "https://npm.yandex-team.ru/lazy-cache/-/lazy-cache-0.2.7.tgz?rbtorrent=6718977933df98b4ea429619219ff8ff4b935718",
          "integrity": "sha1-f+3fLctu23fRHvHRF6tf/fCrG2U="
        }
      }
    },
    "telegram-notify": {
      "version": "1.3.3",
      "resolved": "https://npm.yandex-team.ru/telegram-notify/-/telegram-notify-1.3.3.tgz?rbtorrent=0a394ae8f1b74af96c50ce2bb0bed8ff8beb2137",
      "integrity": "sha512-QN9OzJCa50oRZYfsdgGmY9n7iymswUfT47ODbrfDC7w0lAeXb9diwea1nrcnMLXwuNdLxfMeiwIHyujkiHXluw==",
      "requires": {
        "https-proxy-agent": "~5.0.0",
        "node-fetch": "~2.6.7",
        "usleep": "^1.0.3"
      }
    },
    "tr46": {
      "version": "0.0.3",
      "resolved": "https://npm.yandex-team.ru/tr46/-/tr46-0.0.3.tgz?rbtorrent=c73cc60044b6ee95167d913016ebeaf0bfb9b888",
      "integrity": "sha1-gYT9NH2snNwYWZLzpmIuFLnZq2o="
    },
    "universalify": {
      "version": "2.0.0",
      "resolved": "https://npm.yandex-team.ru/universalify/-/universalify-2.0.0.tgz?rbtorrent=cd46c97651a135fea7052ab887ca7b23c8119692",
      "integrity": "sha512-hAZsKq7Yy11Zu1DE0OzWjw7nnLZmJZYTDZZyEFHZdUhV8FkH5MCfoU1XMaxXovpyW5nq5scPqq0ZDP9Zyl04oQ=="
    },
    "usleep": {
      "version": "1.0.3",
      "resolved": "https://npm.yandex-team.ru/usleep/-/usleep-1.0.3.tgz?rbtorrent=4d4d905244e1bbd5c5a85a0cece738cec2d5720c",
      "integrity": "sha512-CE+b82Srym0mPa5vJd0GdpL8S1ZX/TbejznE7os/CVBO//MFX1E6e5ryU4RUVBuPFJZuAGc35C8b/rx3uCtVQA=="
    },
    "webidl-conversions": {
      "version": "3.0.1",
      "resolved": "https://npm.yandex-team.ru/webidl-conversions/-/webidl-conversions-3.0.1.tgz?rbtorrent=7573d472c2f9e39497e1b78c1a5659a5af833f8d",
      "integrity": "sha1-JFNCdeKnvGvnvIZhHMFq4KVlSHE="
    },
    "whatwg-url": {
      "version": "5.0.0",
      "resolved": "https://npm.yandex-team.ru/whatwg-url/-/whatwg-url-5.0.0.tgz?rbtorrent=9eec0f38e56ea4a007493fedf0e840f55bea314f",
      "integrity": "sha1-lmRU6HZUYuN2RNNib2dCzotwll0=",
      "requires": {
        "tr46": "~0.0.3",
        "webidl-conversions": "^3.0.0"
      }
    },
    "wrappy": {
      "version": "1.0.2",
      "resolved": "https://npm.yandex-team.ru/wrappy/-/wrappy-1.0.2.tgz?rbtorrent=24f631e7a60519be5a0a6d43ff4add05afa3e58f",
      "integrity": "sha1-tSQ9jz7BqjXxNkYFvA0QNuMKtp8="
    }
  }
}
